PODS:
  - Alamofire (4.7.3)
  - JoystickView (1.0.0)
  - Moya (10.0.2):
    - Moya/Core (= 10.0.2)
  - Moya/Core (10.0.2):
    - Alamofire (~> 4.1)
    - Result (~> 3.0)
  - netfox (1.11.1)
  - PromiseKit (6.4.0):
    - PromiseKit/CorePromise (= 6.4.0)
    - PromiseKit/Foundation (= 6.4.0)
    - PromiseKit/UIKit (= 6.4.0)
  - PromiseKit/CorePromise (6.4.0)
  - PromiseKit/Foundation (6.4.0):
    - PromiseKit/CorePromise
  - PromiseKit/UIKit (6.4.0):
    - PromiseKit/CorePromise
  - Result (3.2.4)
  - SDWebImage (4.4.2):
    - SDWebImage/Core (= 4.4.2)
  - SDWebImage/Core (4.4.2)

DEPENDENCIES:
  - JoystickView
  - Moya (~> 10.0.0)
  - netfox (~> 1.11.0)
  - PromiseKit (~> 6.0)
  - SDWebImage (~> 4.0)

SPEC REPOS:
  https://github.com/cocoapods/specs.git:
    - Alamofire
    - JoystickView
    - Moya
    - netfox
    - PromiseKit
    - Result
    - SDWebImage

SPEC CHECKSUMS:
  Alamofire: c7287b6e5d7da964a70935e5db17046b7fde6568
  JoystickView: b8f1b5b20f1279aa417bdb3f95aeb42e2d8bb15d
  Moya: 2b0531a9fef318e0bc484030c3db1e6f279ccb66
  netfox: 5230196df3ca093a9418e079eb6e8f3776f15d14
  PromiseKit: ae3616f45d7bb9bf4ff1e91abc9b7a8c48a340e0
  Result: d2d07204ce72856f1fd9130bbe42c35a7b0fea10
  SDWebImage: 624d6e296c69b244bcede364c72ae0430ac14681

PODFILE CHECKSUM: b99ea7db133f2672bbe3f076adad966827f1257c

COCOAPODS: 1.6.0
