PODS:
  - Alamofire (4.8.2)
  - JoystickView (1.0.0)
  - Moya (13.0.0):
    - Moya/Core (= 13.0.0)
  - Moya/Core (13.0.0):
    - Alamofire (~> 4.1)
    - Result (~> 4.1)
  - netfox (1.15.0)
  - PromiseKit (6.8.4):
    - PromiseKit/CorePromise (= 6.8.4)
    - PromiseKit/Foundation (= 6.8.4)
    - PromiseKit/UIKit (= 6.8.4)
  - PromiseKit/CorePromise (6.8.4)
  - PromiseKit/Foundation (6.8.4):
    - PromiseKit/CorePromise
  - PromiseKit/UIKit (6.8.4):
    - PromiseKit/CorePromise
  - Result (4.1.0)
  - SDWebImage (5.0.1):
    - SDWebImage/Core (= 5.0.1)
  - SDWebImage/Core (5.0.1)

DEPENDENCIES:
  - JoystickView
  - Moya
  - netfox
  - PromiseKit
  - SDWebImage

SPEC REPOS:
  https://github.com/cocoapods/specs.git:
    - Alamofire
    - JoystickView
    - Moya
    - netfox
    - PromiseKit
    - Result
    - SDWebImage

SPEC CHECKSUMS:
  Alamofire: ae5c501addb7afdbb13687d7f2f722c78734c2d3
  JoystickView: b8f1b5b20f1279aa417bdb3f95aeb42e2d8bb15d
  Moya: 161263550064ff8a4948e8ff63137fd72a876292
  netfox: 6ddcca687ad0a58550054fea481cb487461b5e0c
  PromiseKit: 51794a832647e7b819336dc2279039ce9f1cc49b
  Result: bd966fac789cc6c1563440b348ab2598cc24d5c7
  SDWebImage: 27dd2c9ea07a2252f94557c9fbb6105ee94b74c9

PODFILE CHECKSUM: 4feaf2e84b0cf1c5b8a857d818a44d36f3d9e22d

COCOAPODS: 1.6.0
